// !$*UTF8*$!
{
	archiveVersion = 1;
	classes = {
	};
	objectVersion = 50;
	objects = {

/* Begin PBXBuildFile section */
		FF4CEE9E24605A0600D0B468 /* AppDelegate.swift in Sources */ = {isa = PBXBuildFile; fileRef = FF4CEE9D24605A0600D0B468 /* AppDelegate.swift */; };
		FF4CEEA024605A0600D0B468 /* GameScene.sks in Resources */ = {isa = PBXBuildFile; fileRef = FF4CEE9F24605A0600D0B468 /* GameScene.sks */; };
		FF4CEEA224605A0600D0B468 /* Actions.sks in Resources */ = {isa = PBXBuildFile; fileRef = FF4CEEA124605A0600D0B468 /* Actions.sks */; };
		FF4CEEA424605A0600D0B468 /* GameScene.swift in Sources */ = {isa = PBXBuildFile; fileRef = FF4CEEA324605A0600D0B468 /* GameScene.swift */; };
		FF4CEEA624605A0600D0B468 /* GameViewController.swift in Sources */ = {isa = PBXBuildFile; fileRef = FF4CEEA524605A0600D0B468 /* GameViewController.swift */; };
		FF4CEEA924605A0600D0B468 /* Main.storyboard in Resources */ = {isa = PBXBuildFile; fileRef = FF4CEEA724605A0600D0B468 /* Main.storyboard */; };
		FF4CEEAB24605A0800D0B468 /* Assets.xcassets in Resources */ = {isa = PBXBuildFile; fileRef = FF4CEEAA24605A0800D0B468 /* Assets.xcassets */; };
		FF4CEEAE24605A0800D0B468 /* LaunchScreen.storyboard in Resources */ = {isa = PBXBuildFile; fileRef = FF4CEEAC24605A0800D0B468 /* LaunchScreen.storyboard */; };
		FF4CEEB624605A3B00D0B468 /* Ninja.swift in Sources */ = {isa = PBXBuildFile; fileRef = FF4CEEB524605A3B00D0B468 /* Ninja.swift */; };
		FF4CEEB824605A5200D0B468 /* Zombie.swift in Sources */ = {isa = PBXBuildFile; fileRef = FF4CEEB724605A5200D0B468 /* Zombie.swift */; };
		FF4CEEBA24605A6C00D0B468 /* ControlSystem.swift in Sources */ = {isa = PBXBuildFile; fileRef = FF4CEEB924605A6C00D0B468 /* ControlSystem.swift */; };
		FF4CEEC1246067D400D0B468 /* ninja_idle.atlas in Resources */ = {isa = PBXBuildFile; fileRef = FF4CEEBB246067D400D0B468 /* ninja_idle.atlas */; };
		FF4CEEC2246067D400D0B468 /* ninja_run.atlas in Resources */ = {isa = PBXBuildFile; fileRef = FF4CEEBC246067D400D0B468 /* ninja_run.atlas */; };
		FF4CEEC3246067D400D0B468 /* ninja_jump.atlas in Resources */ = {isa = PBXBuildFile; fileRef = FF4CEEBD246067D400D0B468 /* ninja_jump.atlas */; };
		FF4CEEC4246067D400D0B468 /* ninja_climb.atlas in Resources */ = {isa = PBXBuildFile; fileRef = FF4CEEBE246067D400D0B468 /* ninja_climb.atlas */; };
		FF4CEEC5246067D400D0B468 /* ninja_attack.atlas in Resources */ = {isa = PBXBuildFile; fileRef = FF4CEEBF246067D400D0B468 /* ninja_attack.atlas */; };
		FF4CEEC6246067D400D0B468 /* ninja_dead.atlas in Resources */ = {isa = PBXBuildFile; fileRef = FF4CEEC0246067D400D0B468 /* ninja_dead.atlas */; };
		FF4CEED92460F1AD00D0B468 /* zombie_1_idle.atlas in Resources */ = {isa = PBXBuildFile; fileRef = FF4CEED32460F1AD00D0B468 /* zombie_1_idle.atlas */; };
		FF4CEEDA2460F1AD00D0B468 /* zombie_1_attack.atlas in Resources */ = {isa = PBXBuildFile; fileRef = FF4CEED42460F1AD00D0B468 /* zombie_1_attack.atlas */; };
		FF4CEEDB2460F1AD00D0B468 /* zombie_1_hurt.atlas in Resources */ = {isa = PBXBuildFile; fileRef = FF4CEED52460F1AD00D0B468 /* zombie_1_hurt.atlas */; };
		FF4CEEDC2460F1AD00D0B468 /* zombie_1_dead.atlas in Resources */ = {isa = PBXBuildFile; fileRef = FF4CEED62460F1AD00D0B468 /* zombie_1_dead.atlas */; };
		FF4CEEDD2460F1AD00D0B468 /* zombie_1_run.atlas in Resources */ = {isa = PBXBuildFile; fileRef = FF4CEED72460F1AD00D0B468 /* zombie_1_run.atlas */; };
		FF4CEEDE2460F1AD00D0B468 /* zombie_1_walk.atlas in Resources */ = {isa = PBXBuildFile; fileRef = FF4CEED82460F1AD00D0B468 /* zombie_1_walk.atlas */; };
/* End PBXBuildFile section */

/* Begin PBXFileReference section */
		FF4CEE9A24605A0600D0B468 /* ninjas-vs-zombies.app */ = {isa = PBXFileReference; explicitFileType = wrapper.application; includeInIndex = 0; path = "ninjas-vs-zombies.app"; sourceTree = BUILT_PRODUCTS_DIR; };
		FF4CEE9D24605A0600D0B468 /* AppDelegate.swift */ = {isa = PBXFileReference; lastKnownFileType = sourcecode.swift; path = AppDelegate.swift; sourceTree = "<group>"; };
		FF4CEE9F24605A0600D0B468 /* GameScene.sks */ = {isa = PBXFileReference; lastKnownFileType = file.sks; path = GameScene.sks; sourceTree = "<group>"; };
		FF4CEEA124605A0600D0B468 /* Actions.sks */ = {isa = PBXFileReference; lastKnownFileType = file.sks; path = Actions.sks; sourceTree = "<group>"; };
		FF4CEEA324605A0600D0B468 /* GameScene.swift */ = {isa = PBXFileReference; lastKnownFileType = sourcecode.swift; path = GameScene.swift; sourceTree = "<group>"; };
		FF4CEEA524605A0600D0B468 /* GameViewController.swift */ = {isa = PBXFileReference; lastKnownFileType = sourcecode.swift; path = GameViewController.swift; sourceTree = "<group>"; };
		FF4CEEA824605A0600D0B468 /* Base */ = {isa = PBXFileReference; lastKnownFileType = file.storyboard; name = Base; path = Base.lproj/Main.storyboard; sourceTree = "<group>"; };
		FF4CEEAA24605A0800D0B468 /* Assets.xcassets */ = {isa = PBXFileReference; lastKnownFileType = folder.assetcatalog; path = Assets.xcassets; sourceTree = "<group>"; };
		FF4CEEAD24605A0800D0B468 /* Base */ = {isa = PBXFileReference; lastKnownFileType = file.storyboard; name = Base; path = Base.lproj/LaunchScreen.storyboard; sourceTree = "<group>"; };
		FF4CEEAF24605A0800D0B468 /* Info.plist */ = {isa = PBXFileReference; lastKnownFileType = text.plist.xml; path = Info.plist; sourceTree = "<group>"; };
		FF4CEEB524605A3B00D0B468 /* Ninja.swift */ = {isa = PBXFileReference; lastKnownFileType = sourcecode.swift; path = Ninja.swift; sourceTree = "<group>"; };
		FF4CEEB724605A5200D0B468 /* Zombie.swift */ = {isa = PBXFileReference; lastKnownFileType = sourcecode.swift; path = Zombie.swift; sourceTree = "<group>"; };
		FF4CEEB924605A6C00D0B468 /* ControlSystem.swift */ = {isa = PBXFileReference; lastKnownFileType = sourcecode.swift; path = ControlSystem.swift; sourceTree = "<group>"; };
		FF4CEEBB246067D400D0B468 /* ninja_idle.atlas */ = {isa = PBXFileReference; lastKnownFileType = folder.skatlas; name = ninja_idle.atlas; path = "../../../Game Dev Assets/animations/ninja/ninja_idle.atlas"; sourceTree = "<group>"; };
		FF4CEEBC246067D400D0B468 /* ninja_run.atlas */ = {isa = PBXFileReference; lastKnownFileType = folder.skatlas; name = ninja_run.atlas; path = "../../../Game Dev Assets/animations/ninja/ninja_run.atlas"; sourceTree = "<group>"; };
		FF4CEEBD246067D400D0B468 /* ninja_jump.atlas */ = {isa = PBXFileReference; lastKnownFileType = folder.skatlas; name = ninja_jump.atlas; path = "../../../Game Dev Assets/animations/ninja/ninja_jump.atlas"; sourceTree = "<group>"; };
		FF4CEEBE246067D400D0B468 /* ninja_climb.atlas */ = {isa = PBXFileReference; lastKnownFileType = folder.skatlas; name = ninja_climb.atlas; path = "../../../Game Dev Assets/animations/ninja/ninja_climb.atlas"; sourceTree = "<group>"; };
		FF4CEEBF246067D400D0B468 /* ninja_attack.atlas */ = {isa = PBXFileReference; lastKnownFileType = folder.skatlas; name = ninja_attack.atlas; path = "../../../Game Dev Assets/animations/ninja/ninja_attack.atlas"; sourceTree = "<group>"; };
		FF4CEEC0246067D400D0B468 /* ninja_dead.atlas */ = {isa = PBXFileReference; lastKnownFileType = folder.skatlas; name = ninja_dead.atlas; path = "../../../Game Dev Assets/animations/ninja/ninja_dead.atlas"; sourceTree = "<group>"; };
		FF4CEED32460F1AD00D0B468 /* zombie_1_idle.atlas */ = {isa = PBXFileReference; lastKnownFileType = folder.skatlas; name = zombie_1_idle.atlas; path = "../../../Game Dev Assets/animations/zombie/zombie_1/zombie_1_idle.atlas"; sourceTree = "<group>"; };
		FF4CEED42460F1AD00D0B468 /* zombie_1_attack.atlas */ = {isa = PBXFileReference; lastKnownFileType = folder.skatlas; name = zombie_1_attack.atlas; path = "../../../Game Dev Assets/animations/zombie/zombie_1/zombie_1_attack.atlas"; sourceTree = "<group>"; };
		FF4CEED52460F1AD00D0B468 /* zombie_1_hurt.atlas */ = {isa = PBXFileReference; lastKnownFileType = folder.skatlas; name = zombie_1_hurt.atlas; path = "../../../Game Dev Assets/animations/zombie/zombie_1/zombie_1_hurt.atlas"; sourceTree = "<group>"; };
		FF4CEED62460F1AD00D0B468 /* zombie_1_dead.atlas */ = {isa = PBXFileReference; lastKnownFileType = folder.skatlas; name = zombie_1_dead.atlas; path = "../../../Game Dev Assets/animations/zombie/zombie_1/zombie_1_dead.atlas"; sourceTree = "<group>"; };
		FF4CEED72460F1AD00D0B468 /* zombie_1_run.atlas */ = {isa = PBXFileReference; lastKnownFileType = folder.skatlas; name = zombie_1_run.atlas; path = "../../../Game Dev Assets/animations/zombie/zombie_1/zombie_1_run.atlas"; sourceTree = "<group>"; };
		FF4CEED82460F1AD00D0B468 /* zombie_1_walk.atlas */ = {isa = PBXFileReference; lastKnownFileType = folder.skatlas; name = zombie_1_walk.atlas; path = "../../../Game Dev Assets/animations/zombie/zombie_1/zombie_1_walk.atlas"; sourceTree = "<group>"; };
/* End PBXFileReference section */

/* Begin PBXFrameworksBuildPhase section */
		FF4CEE9724605A0600D0B468 /* Frameworks */ = {
			isa = PBXFrameworksBuildPhase;
			buildActionMask = 2147483647;
			files = (
			);
			runOnlyForDeploymentPostprocessing = 0;
		};
/* End PBXFrameworksBuildPhase section */

/* Begin PBXGroup section */
		FF4CEE9124605A0600D0B468 = {
			isa = PBXGroup;
			children = (
				FF4CEE9C24605A0600D0B468 /* ninjas-vs-zombies */,
				FF4CEE9B24605A0600D0B468 /* Products */,
			);
			sourceTree = "<group>";
		};
		FF4CEE9B24605A0600D0B468 /* Products */ = {
			isa = PBXGroup;
			children = (
				FF4CEE9A24605A0600D0B468 /* ninjas-vs-zombies.app */,
			);
			name = Products;
			sourceTree = "<group>";
		};
		FF4CEE9C24605A0600D0B468 /* ninjas-vs-zombies */ = {
			isa = PBXGroup;
			children = (
				FF4CEED42460F1AD00D0B468 /* zombie_1_attack.atlas */,
				FF4CEED62460F1AD00D0B468 /* zombie_1_dead.atlas */,
				FF4CEED52460F1AD00D0B468 /* zombie_1_hurt.atlas */,
				FF4CEED32460F1AD00D0B468 /* zombie_1_idle.atlas */,
				FF4CEED72460F1AD00D0B468 /* zombie_1_run.atlas */,
				FF4CEED82460F1AD00D0B468 /* zombie_1_walk.atlas */,
				FF4CEEBF246067D400D0B468 /* ninja_attack.atlas */,
				FF4CEEBE246067D400D0B468 /* ninja_climb.atlas */,
				FF4CEEC0246067D400D0B468 /* ninja_dead.atlas */,
				FF4CEEBB246067D400D0B468 /* ninja_idle.atlas */,
				FF4CEEBD246067D400D0B468 /* ninja_jump.atlas */,
				FF4CEEBC246067D400D0B468 /* ninja_run.atlas */,
				FF4CEE9D24605A0600D0B468 /* AppDelegate.swift */,
				FF4CEE9F24605A0600D0B468 /* GameScene.sks */,
				FF4CEEA124605A0600D0B468 /* Actions.sks */,
				FF4CEEA324605A0600D0B468 /* GameScene.swift */,
				FF4CEEA524605A0600D0B468 /* GameViewController.swift */,
				FF4CEEA724605A0600D0B468 /* Main.storyboard */,
				FF4CEEAA24605A0800D0B468 /* Assets.xcassets */,
				FF4CEEAC24605A0800D0B468 /* LaunchScreen.storyboard */,
				FF4CEEAF24605A0800D0B468 /* Info.plist */,
				FF4CEEB524605A3B00D0B468 /* Ninja.swift */,
				FF4CEEB724605A5200D0B468 /* Zombie.swift */,
				FF4CEEB924605A6C00D0B468 /* ControlSystem.swift */,
			);
			path = "ninjas-vs-zombies";
			sourceTree = "<group>";
		};
/* End PBXGroup section */

/* Begin PBXNativeTarget section */
		FF4CEE9924605A0600D0B468 /* ninjas-vs-zombies */ = {
			isa = PBXNativeTarget;
			buildConfigurationList = FF4CEEB224605A0800D0B468 /* Build configuration list for PBXNativeTarget "ninjas-vs-zombies" */;
			buildPhases = (
				FF4CEE9624605A0600D0B468 /* Sources */,
				FF4CEE9724605A0600D0B468 /* Frameworks */,
				FF4CEE9824605A0600D0B468 /* Resources */,
			);
			buildRules = (
			);
			dependencies = (
			);
			name = "ninjas-vs-zombies";
			productName = "ninjas-vs-zombies";
			productReference = FF4CEE9A24605A0600D0B468 /* ninjas-vs-zombies.app */;
			productType = "com.apple.product-type.application";
		};
/* End PBXNativeTarget section */

/* Begin PBXProject section */
		FF4CEE9224605A0600D0B468 /* Project object */ = {
			isa = PBXProject;
			attributes = {
				LastSwiftUpdateCheck = 1140;
				LastUpgradeCheck = 1140;
				ORGANIZATIONNAME = "Anferny Vanta";
				TargetAttributes = {
					FF4CEE9924605A0600D0B468 = {
						CreatedOnToolsVersion = 11.4;
					};
				};
			};
			buildConfigurationList = FF4CEE9524605A0600D0B468 /* Build configuration list for PBXProject "ninjas-vs-zombies" */;
			compatibilityVersion = "Xcode 9.3";
			developmentRegion = en;
			hasScannedForEncodings = 0;
			knownRegions = (
				en,
				Base,
			);
			mainGroup = FF4CEE9124605A0600D0B468;
			productRefGroup = FF4CEE9B24605A0600D0B468 /* Products */;
			projectDirPath = "";
			projectRoot = "";
			targets = (
				FF4CEE9924605A0600D0B468 /* ninjas-vs-zombies */,
			);
		};
/* End PBXProject section */

/* Begin PBXResourcesBuildPhase section */
		FF4CEE9824605A0600D0B468 /* Resources */ = {
			isa = PBXResourcesBuildPhase;
			buildActionMask = 2147483647;
			files = (
				FF4CEEC1246067D400D0B468 /* ninja_idle.atlas in Resources */,
				FF4CEEC2246067D400D0B468 /* ninja_run.atlas in Resources */,
				FF4CEEC6246067D400D0B468 /* ninja_dead.atlas in Resources */,
				FF4CEEDC2460F1AD00D0B468 /* zombie_1_dead.atlas in Resources */,
				FF4CEEDE2460F1AD00D0B468 /* zombie_1_walk.atlas in Resources */,
				FF4CEEC4246067D400D0B468 /* ninja_climb.atlas in Resources */,
				FF4CEEA924605A0600D0B468 /* Main.storyboard in Resources */,
				FF4CEEA024605A0600D0B468 /* GameScene.sks in Resources */,
				FF4CEEAB24605A0800D0B468 /* Assets.xcassets in Resources */,
				FF4CEEDA2460F1AD00D0B468 /* zombie_1_attack.atlas in Resources */,
				FF4CEEAE24605A0800D0B468 /* LaunchScreen.storyboard in Resources */,
				FF4CEEC3246067D400D0B468 /* ninja_jump.atlas in Resources */,
				FF4CEEDB2460F1AD00D0B468 /* zombie_1_hurt.atlas in Resources */,
				FF4CEED92460F1AD00D0B468 /* zombie_1_idle.atlas in Resources */,
				FF4CEEC5246067D400D0B468 /* ninja_attack.atlas in Resources */,
				FF4CEEA224605A0600D0B468 /* Actions.sks in Resources */,
				FF4CEEDD2460F1AD00D0B468 /* zombie_1_run.atlas in Resources */,
			);
			runOnlyForDeploymentPostprocessing = 0;
		};
/* End PBXResourcesBuildPhase section */

/* Begin PBXSourcesBuildPhase section */
		FF4CEE9624605A0600D0B468 /* Sources */ = {
			isa = PBXSourcesBuildPhase;
			buildActionMask = 2147483647;
			files = (
				FF4CEEA424605A0600D0B468 /* GameScene.swift in Sources */,
				FF4CEEA624605A0600D0B468 /* GameViewController.swift in Sources */,
				FF4CEEBA24605A6C00D0B468 /* ControlSystem.swift in Sources */,
				FF4CEEB624605A3B00D0B468 /* Ninja.swift in Sources */,
				FF4CEE9E24605A0600D0B468 /* AppDelegate.swift in Sources */,
				FF4CEEB824605A5200D0B468 /* Zombie.swift in Sources */,
			);
			runOnlyForDeploymentPostprocessing = 0;
		};
/* End PBXSourcesBuildPhase section */

/* Begin PBXVariantGroup section */
		FF4CEEA724605A0600D0B468 /* Main.storyboard */ = {
			isa = PBXVariantGroup;
			children = (
				FF4CEEA824605A0600D0B468 /* Base */,
			);
			name = Main.storyboard;
			sourceTree = "<group>";
		};
		FF4CEEAC24605A0800D0B468 /* LaunchScreen.storyboard */ = {
			isa = PBXVariantGroup;
			children = (
				FF4CEEAD24605A0800D0B468 /* Base */,
			);
			name = LaunchScreen.storyboard;
			sourceTree = "<group>";
		};
/* End PBXVariantGroup section */

/* Begin XCBuildConfiguration section */
		FF4CEEB024605A0800D0B468 /* Debug */ = {
			isa = XCBuildConfiguration;
			buildSettings = {
				ALWAYS_SEARCH_USER_PATHS = NO;
				CLANG_ANALYZER_NONNULL = YES;
				CLANG_ANALYZER_NUMBER_OBJECT_CONVERSION = YES_AGGRESSIVE;
				CLANG_CXX_LANGUAGE_STANDARD = "gnu++14";
				CLANG_CXX_LIBRARY = "libc++";
				CLANG_ENABLE_MODULES = YES;
				CLANG_ENABLE_OBJC_ARC = YES;
				CLANG_ENABLE_OBJC_WEAK = YES;
				CLANG_WARN_BLOCK_CAPTURE_AUTORELEASING = YES;
				CLANG_WARN_BOOL_CONVERSION = YES;
				CLANG_WARN_COMMA = YES;
				CLANG_WARN_CONSTANT_CONVERSION = YES;
				CLANG_WARN_DEPRECATED_OBJC_IMPLEMENTATIONS = YES;
				CLANG_WARN_DIRECT_OBJC_ISA_USAGE = YES_ERROR;
				CLANG_WARN_DOCUMENTATION_COMMENTS = YES;
				CLANG_WARN_EMPTY_BODY = YES;
				CLANG_WARN_ENUM_CONVERSION = YES;
				CLANG_WARN_INFINITE_RECURSION = YES;
				CLANG_WARN_INT_CONVERSION = YES;
				CLANG_WARN_NON_LITERAL_NULL_CONVERSION = YES;
				CLANG_WARN_OBJC_IMPLICIT_RETAIN_SELF = YES;
				CLANG_WARN_OBJC_LITERAL_CONVERSION = YES;
				CLANG_WARN_OBJC_ROOT_CLASS = YES_ERROR;
				CLANG_WARN_RANGE_LOOP_ANALYSIS = YES;
				CLANG_WARN_STRICT_PROTOTYPES = YES;
				CLANG_WARN_SUSPICIOUS_MOVE = YES;
				CLANG_WARN_UNGUARDED_AVAILABILITY = YES_AGGRESSIVE;
				CLANG_WARN_UNREACHABLE_CODE = YES;
				CLANG_WARN__DUPLICATE_METHOD_MATCH = YES;
				COPY_PHASE_STRIP = NO;
				DEBUG_INFORMATION_FORMAT = dwarf;
				ENABLE_STRICT_OBJC_MSGSEND = YES;
				ENABLE_TESTABILITY = YES;
				GCC_C_LANGUAGE_STANDARD = gnu11;
				GCC_DYNAMIC_NO_PIC = NO;
				GCC_NO_COMMON_BLOCKS = YES;
				GCC_OPTIMIZATION_LEVEL = 0;
				GCC_PREPROCESSOR_DEFINITIONS = (
					"DEBUG=1",
					"$(inherited)",
				);
				GCC_WARN_64_TO_32_BIT_CONVERSION = YES;
				GCC_WARN_ABOUT_RETURN_TYPE = YES_ERROR;
				GCC_WARN_UNDECLARED_SELECTOR = YES;
				GCC_WARN_UNINITIALIZED_AUTOS = YES_AGGRESSIVE;
				GCC_WARN_UNUSED_FUNCTION = YES;
				GCC_WARN_UNUSED_VARIABLE = YES;
				IPHONEOS_DEPLOYMENT_TARGET = 13.4;
				MTL_ENABLE_DEBUG_INFO = INCLUDE_SOURCE;
				MTL_FAST_MATH = YES;
				ONLY_ACTIVE_ARCH = YES;
				SDKROOT = iphoneos;
				SWIFT_ACTIVE_COMPILATION_CONDITIONS = DEBUG;
				SWIFT_OPTIMIZATION_LEVEL = "-Onone";
			};
			name = Debug;
		};
		FF4CEEB124605A0800D0B468 /* Release */ = {
			isa = XCBuildConfiguration;
			buildSettings = {
				ALWAYS_SEARCH_USER_PATHS = NO;
				CLANG_ANALYZER_NONNULL = YES;
				CLANG_ANALYZER_NUMBER_OBJECT_CONVERSION = YES_AGGRESSIVE;
				CLANG_CXX_LANGUAGE_STANDARD = "gnu++14";
				CLANG_CXX_LIBRARY = "libc++";
				CLANG_ENABLE_MODULES = YES;
				CLANG_ENABLE_OBJC_ARC = YES;
				CLANG_ENABLE_OBJC_WEAK = YES;
				CLANG_WARN_BLOCK_CAPTURE_AUTORELEASING = YES;
				CLANG_WARN_BOOL_CONVERSION = YES;
				CLANG_WARN_COMMA = YES;
				CLANG_WARN_CONSTANT_CONVERSION = YES;
				CLANG_WARN_DEPRECATED_OBJC_IMPLEMENTATIONS = YES;
				CLANG_WARN_DIRECT_OBJC_ISA_USAGE = YES_ERROR;
				CLANG_WARN_DOCUMENTATION_COMMENTS = YES;
				CLANG_WARN_EMPTY_BODY = YES;
				CLANG_WARN_ENUM_CONVERSION = YES;
				CLANG_WARN_INFINITE_RECURSION = YES;
				CLANG_WARN_INT_CONVERSION = YES;
				CLANG_WARN_NON_LITERAL_NULL_CONVERSION = YES;
				CLANG_WARN_OBJC_IMPLICIT_RETAIN_SELF = YES;
				CLANG_WARN_OBJC_LITERAL_CONVERSION = YES;
				CLANG_WARN_OBJC_ROOT_CLASS = YES_ERROR;
				CLANG_WARN_RANGE_LOOP_ANALYSIS = YES;
				CLANG_WARN_STRICT_PROTOTYPES = YES;
				CLANG_WARN_SUSPICIOUS_MOVE = YES;
				CLANG_WARN_UNGUARDED_AVAILABILITY = YES_AGGRESSIVE;
				CLANG_WARN_UNREACHABLE_CODE = YES;
				CLANG_WARN__DUPLICATE_METHOD_MATCH = YES;
				COPY_PHASE_STRIP = NO;
				DEBUG_INFORMATION_FORMAT = "dwarf-with-dsym";
				ENABLE_NS_ASSERTIONS = NO;
				ENABLE_STRICT_OBJC_MSGSEND = YES;
				GCC_C_LANGUAGE_STANDARD = gnu11;
				GCC_NO_COMMON_BLOCKS = YES;
				GCC_WARN_64_TO_32_BIT_CONVERSION = YES;
				GCC_WARN_ABOUT_RETURN_TYPE = YES_ERROR;
				GCC_WARN_UNDECLARED_SELECTOR = YES;
				GCC_WARN_UNINITIALIZED_AUTOS = YES_AGGRESSIVE;
				GCC_WARN_UNUSED_FUNCTION = YES;
				GCC_WARN_UNUSED_VARIABLE = YES;
				IPHONEOS_DEPLOYMENT_TARGET = 13.4;
				MTL_ENABLE_DEBUG_INFO = NO;
				MTL_FAST_MATH = YES;
				SDKROOT = iphoneos;
				SWIFT_COMPILATION_MODE = wholemodule;
				SWIFT_OPTIMIZATION_LEVEL = "-O";
				VALIDATE_PRODUCT = YES;
			};
			name = Release;
		};
		FF4CEEB324605A0800D0B468 /* Debug */ = {
			isa = XCBuildConfiguration;
			buildSettings = {
				ASSETCATALOG_COMPILER_APPICON_NAME = AppIcon;
				CODE_SIGN_STYLE = Automatic;
				INFOPLIST_FILE = "ninjas-vs-zombies/Info.plist";
				LD_RUNPATH_SEARCH_PATHS = (
					"$(inherited)",
					"@executable_path/Frameworks",
				);
				PRODUCT_BUNDLE_IDENTIFIER = "vantanferny.ninjas-vs-zombies";
				PRODUCT_NAME = "$(TARGET_NAME)";
				SWIFT_VERSION = 5.0;
				TARGETED_DEVICE_FAMILY = "1,2";
			};
			name = Debug;
		};
		FF4CEEB424605A0800D0B468 /* Release */ = {
			isa = XCBuildConfiguration;
			buildSettings = {
				ASSETCATALOG_COMPILER_APPICON_NAME = AppIcon;
				CODE_SIGN_STYLE = Automatic;
				INFOPLIST_FILE = "ninjas-vs-zombies/Info.plist";
				LD_RUNPATH_SEARCH_PATHS = (
					"$(inherited)",
					"@executable_path/Frameworks",
				);
				PRODUCT_BUNDLE_IDENTIFIER = "vantanferny.ninjas-vs-zombies";
				PRODUCT_NAME = "$(TARGET_NAME)";
				SWIFT_VERSION = 5.0;
				TARGETED_DEVICE_FAMILY = "1,2";
			};
			name = Release;
		};
/* End XCBuildConfiguration section */

/* Begin XCConfigurationList section */
		FF4CEE9524605A0600D0B468 /* Build configuration list for PBXProject "ninjas-vs-zombies" */ = {
			isa = XCConfigurationList;
			buildConfigurations = (
				FF4CEEB024605A0800D0B468 /* Debug */,
				FF4CEEB124605A0800D0B468 /* Release */,
			);
			defaultConfigurationIsVisible = 0;
			defaultConfigurationName = Release;
		};
		FF4CEEB224605A0800D0B468 /* Build configuration list for PBXNativeTarget "ninjas-vs-zombies" */ = {
			isa = XCConfigurationList;
			buildConfigurations = (
				FF4CEEB324605A0800D0B468 /* Debug */,
				FF4CEEB424605A0800D0B468 /* Release */,
			);
			defaultConfigurationIsVisible = 0;
			defaultConfigurationName = Release;
		};
/* End XCConfigurationList section */
	};
	rootObject = FF4CEE9224605A0600D0B468 /* Project object */;
}
